
Microsoft Visual Studio Solution File, Format Version 12.00
# Visual Studio Version 17
VisualStudioVersion = 17.0.31903.59
MinimumVisualStudioVersion = 10.0.40219.1
Project("{2150E333-8FDC-42A3-9474-1A3956D46DE8}") = "api-gateway", "api-gateway", "{5FEBCFDE-C667-4884-92ED-32D46410D6AA}"
EndProject
Project("{9A19103F-16F7-4668-BE54-9A1E7A4F7556}") = "Gateway", "src\api-gateway\Gateway.csproj", "{27ACE33C-F647-4845-BB7E-87497A39D98F}"
EndProject
Project("{2150E333-8FDC-42A3-9474-1A3956D46DE8}") = "services", "services", "{3A641C99-3024-45F3-ABDD-44FA5685CF8F}"
EndProject
Project("{2150E333-8FDC-42A3-9474-1A3956D46DE8}") = "catalog", "catalog", "{B4A2EA56-CADE-4565-8A20-5BA064084970}"
EndProject
Project("{2150E333-8FDC-42A3-9474-1A3956D46DE8}") = "src", "src", "{18626C7B-D825-40F7-824E-5A98BAF506C0}"
EndProject
Project("{9A19103F-16F7-4668-BE54-9A1E7A4F7556}") = "Catalog.API", "src\services\catalog\src\Catalog.API\Catalog.API.csproj", "{3801EE1D-C055-4D92-A096-9FF9A9254ADE}"
EndProject
Project("{2150E333-8FDC-42A3-9474-1A3956D46DE8}") = "identity", "identity", "{37F831E5-AA0F-45B7-AAD0-F7FE4A1F4B58}"
EndProject
Project("{2150E333-8FDC-42A3-9474-1A3956D46DE8}") = "src", "src", "{D09A4A27-2B44-40EF-BB85-2CFBC8F90082}"
EndProject
Project("{9A19103F-16F7-4668-BE54-9A1E7A4F7556}") = "Identity.API", "src\services\identity\src\Identity.API\Identity.API.csproj", "{BCCE290E-0746-497D-B45F-0A447B458036}"
EndProject
Project("{9A19103F-16F7-4668-BE54-9A1E7A4F7556}") = "BuildingBlocks", "src\building-blocks\BuildingBlocks.csproj", "{10ED41E7-E82F-407E-B19A-DFBEC78D9D73}"
EndProject
Project("{2150E333-8FDC-42A3-9474-1A3956D46DE8}") = "building-blocks", "building-blocks", "{DF86A3C0-EFDA-40C2-AB7A-5181C681AD91}"
EndProject
Project("{9A19103F-16F7-4668-BE54-9A1E7A4F7556}") = "Catalog", "src\services\catalog\src\Catalog\Catalog.csproj", "{BDBB3724-D02C-4C61-B33B-063E04C5D686}"
EndProject
Project("{2150E333-8FDC-42A3-9474-1A3956D46DE8}") = "Solution Items", "Solution Items", "{7A799C04-F2B2-4A12-8D34-70CF34D95E64}"
	ProjectSection(SolutionItems) = preProject
		.editorconfig = .editorconfig
	EndProjectSection
EndProject
Project("{2150E333-8FDC-42A3-9474-1A3956D46DE8}") = "shared", "shared", "{AE8EBC13-4C67-4310-88B3-072C886DEFC6}"
EndProject
Project("{9A19103F-16F7-4668-BE54-9A1E7A4F7556}") = "Shared.Events", "src\shared\Shared.Events\Shared.Events.csproj", "{E30126EB-E4E4-4FCC-9F1A-AB79EC7F1DE5}"
EndProject
Project("{2150E333-8FDC-42A3-9474-1A3956D46DE8}") = "people", "people", "{DD15C563-DE41-4C3B-8AFB-9C228558E953}"
EndProject
Project("{2150E333-8FDC-42A3-9474-1A3956D46DE8}") = "cart", "cart", "{EE66AEBF-4E40-41BE-8FD6-A8E259A16522}"
EndProject
Project("{2150E333-8FDC-42A3-9474-1A3956D46DE8}") = "sales", "sales", "{91770656-6333-456E-BCA2-CE540BABB606}"
EndProject
Project("{2150E333-8FDC-42A3-9474-1A3956D46DE8}") = "discount", "discount", "{A9E07935-AF6E-4B94-AEFC-55F161D95861}"
EndProject
Project("{2150E333-8FDC-42A3-9474-1A3956D46DE8}") = "order", "order", "{74FABEE1-F29D-40F2-9A71-5C208BDEAC68}"
EndProject
Project("{2150E333-8FDC-42A3-9474-1A3956D46DE8}") = "payment", "payment", "{752877F6-90DC-431F-B50D-FC1BB05870A3}"
EndProject
Project("{2150E333-8FDC-42A3-9474-1A3956D46DE8}") = "inventory", "inventory", "{EFBC6DD6-A482-4DF0-8242-F054F36BE201}"
EndProject
Project("{2150E333-8FDC-42A3-9474-1A3956D46DE8}") = "transactions", "transactions", "{3D94E6D2-F7E6-42BD-8B00-C43833496222}"
EndProject
Global
	GlobalSection(SolutionConfigurationPlatforms) = preSolution
		Debug|Any CPU = Debug|Any CPU
		Release|Any CPU = Release|Any CPU
	EndGlobalSection
	GlobalSection(ProjectConfigurationPlatforms) = postSolution
		{27ACE33C-F647-4845-BB7E-87497A39D98F}.Debug|Any CPU.ActiveCfg = Debug|Any CPU
		{27ACE33C-F647-4845-BB7E-87497A39D98F}.Debug|Any CPU.Build.0 = Debug|Any CPU
		{27ACE33C-F647-4845-BB7E-87497A39D98F}.Release|Any CPU.ActiveCfg = Release|Any CPU
		{27ACE33C-F647-4845-BB7E-87497A39D98F}.Release|Any CPU.Build.0 = Release|Any CPU
		{3801EE1D-C055-4D92-A096-9FF9A9254ADE}.Debug|Any CPU.ActiveCfg = Debug|Any CPU
		{3801EE1D-C055-4D92-A096-9FF9A9254ADE}.Debug|Any CPU.Build.0 = Debug|Any CPU
		{3801EE1D-C055-4D92-A096-9FF9A9254ADE}.Release|Any CPU.ActiveCfg = Release|Any CPU
		{3801EE1D-C055-4D92-A096-9FF9A9254ADE}.Release|Any CPU.Build.0 = Release|Any CPU
		{BCCE290E-0746-497D-B45F-0A447B458036}.Debug|Any CPU.ActiveCfg = Debug|Any CPU
		{BCCE290E-0746-497D-B45F-0A447B458036}.Debug|Any CPU.Build.0 = Debug|Any CPU
		{BCCE290E-0746-497D-B45F-0A447B458036}.Release|Any CPU.ActiveCfg = Release|Any CPU
		{BCCE290E-0746-497D-B45F-0A447B458036}.Release|Any CPU.Build.0 = Release|Any CPU
		{10ED41E7-E82F-407E-B19A-DFBEC78D9D73}.Debug|Any CPU.ActiveCfg = Debug|Any CPU
		{10ED41E7-E82F-407E-B19A-DFBEC78D9D73}.Debug|Any CPU.Build.0 = Debug|Any CPU
		{10ED41E7-E82F-407E-B19A-DFBEC78D9D73}.Release|Any CPU.ActiveCfg = Release|Any CPU
		{10ED41E7-E82F-407E-B19A-DFBEC78D9D73}.Release|Any CPU.Build.0 = Release|Any CPU
		{BDBB3724-D02C-4C61-B33B-063E04C5D686}.Debug|Any CPU.ActiveCfg = Debug|Any CPU
		{BDBB3724-D02C-4C61-B33B-063E04C5D686}.Debug|Any CPU.Build.0 = Debug|Any CPU
		{BDBB3724-D02C-4C61-B33B-063E04C5D686}.Release|Any CPU.ActiveCfg = Release|Any CPU
		{BDBB3724-D02C-4C61-B33B-063E04C5D686}.Release|Any CPU.Build.0 = Release|Any CPU
		{E30126EB-E4E4-4FCC-9F1A-AB79EC7F1DE5}.Debug|Any CPU.ActiveCfg = Debug|Any CPU
		{E30126EB-E4E4-4FCC-9F1A-AB79EC7F1DE5}.Debug|Any CPU.Build.0 = Debug|Any CPU
		{E30126EB-E4E4-4FCC-9F1A-AB79EC7F1DE5}.Release|Any CPU.ActiveCfg = Release|Any CPU
		{E30126EB-E4E4-4FCC-9F1A-AB79EC7F1DE5}.Release|Any CPU.Build.0 = Release|Any CPU
	EndGlobalSection
	GlobalSection(SolutionProperties) = preSolution
		HideSolutionNode = FALSE
	EndGlobalSection
	GlobalSection(NestedProjects) = preSolution
		{27ACE33C-F647-4845-BB7E-87497A39D98F} = {5FEBCFDE-C667-4884-92ED-32D46410D6AA}
		{B4A2EA56-CADE-4565-8A20-5BA064084970} = {3A641C99-3024-45F3-ABDD-44FA5685CF8F}
		{18626C7B-D825-40F7-824E-5A98BAF506C0} = {B4A2EA56-CADE-4565-8A20-5BA064084970}
		{3801EE1D-C055-4D92-A096-9FF9A9254ADE} = {18626C7B-D825-40F7-824E-5A98BAF506C0}
		{37F831E5-AA0F-45B7-AAD0-F7FE4A1F4B58} = {3A641C99-3024-45F3-ABDD-44FA5685CF8F}
		{D09A4A27-2B44-40EF-BB85-2CFBC8F90082} = {37F831E5-AA0F-45B7-AAD0-F7FE4A1F4B58}
		{BCCE290E-0746-497D-B45F-0A447B458036} = {D09A4A27-2B44-40EF-BB85-2CFBC8F90082}
		{10ED41E7-E82F-407E-B19A-DFBEC78D9D73} = {DF86A3C0-EFDA-40C2-AB7A-5181C681AD91}
		{BDBB3724-D02C-4C61-B33B-063E04C5D686} = {18626C7B-D825-40F7-824E-5A98BAF506C0}
		{AE8EBC13-4C67-4310-88B3-072C886DEFC6} = {3A641C99-3024-45F3-ABDD-44FA5685CF8F}
		{E30126EB-E4E4-4FCC-9F1A-AB79EC7F1DE5} = {AE8EBC13-4C67-4310-88B3-072C886DEFC6}
		{DD15C563-DE41-4C3B-8AFB-9C228558E953} = {3A641C99-3024-45F3-ABDD-44FA5685CF8F}
		{EE66AEBF-4E40-41BE-8FD6-A8E259A16522} = {3A641C99-3024-45F3-ABDD-44FA5685CF8F}
		{91770656-6333-456E-BCA2-CE540BABB606} = {3A641C99-3024-45F3-ABDD-44FA5685CF8F}
		{A9E07935-AF6E-4B94-AEFC-55F161D95861} = {3A641C99-3024-45F3-ABDD-44FA5685CF8F}
		{74FABEE1-F29D-40F2-9A71-5C208BDEAC68} = {3A641C99-3024-45F3-ABDD-44FA5685CF8F}
		{752877F6-90DC-431F-B50D-FC1BB05870A3} = {3A641C99-3024-45F3-ABDD-44FA5685CF8F}
		{EFBC6DD6-A482-4DF0-8242-F054F36BE201} = {3A641C99-3024-45F3-ABDD-44FA5685CF8F}
		{3D94E6D2-F7E6-42BD-8B00-C43833496222} = {3A641C99-3024-45F3-ABDD-44FA5685CF8F}
	EndGlobalSection
	GlobalSection(ExtensibilityGlobals) = postSolution
		SolutionGuid = {CCD4041A-A089-4EA8-AA1F-3FD1FC039445}
	EndGlobalSection
EndGlobal
